
Microsoft Visual Studio Solution File, Format Version 12.00
# Visual Studio Version 16
VisualStudioVersion = 16.0.30804.86
MinimumVisualStudioVersion = 10.0.40219.1
Project("{00D1A9C2-B5F0-4AF3-8072-F6C62B433612}") = "TRMData", "TRMData\TRMData.sqlproj", "{CF98BC6C-3FF2-4291-94FC-481415A8FD9E}"
EndProject
Project("{9A19103F-16F7-4668-BE54-9A1E7A4F7556}") = "TRMDesktopUI", "TRMDesktopUI\TRMDesktopUI.csproj", "{F472BFA3-FA28-42D0-AF78-AB4835C49705}"
EndProject
Project("{9A19103F-16F7-4668-BE54-9A1E7A4F7556}") = "TRMDataManager.Library", "TRMDataManager.Library\TRMDataManager.Library.csproj", "{E8D9A15B-8DAE-436C-A185-04A319EA86D7}"
EndProject
Project("{9A19103F-16F7-4668-BE54-9A1E7A4F7556}") = "TRMDesktopUI.Library", "TRMDesktopUI.Library\TRMDesktopUI.Library.csproj", "{4BF57879-BBDF-43D0-902D-03E7E951EAF2}"
EndProject
Project("{2150E333-8FDC-42A3-9474-1A3956D46DE8}") = "Database", "Database", "{DD9A5DEC-6345-4666-9EFA-9B5AF85F5308}"
EndProject
Project("{2150E333-8FDC-42A3-9474-1A3956D46DE8}") = "API", "API", "{EB41F43D-9C27-4098-ABA5-C97E95139984}"
EndProject
Project("{2150E333-8FDC-42A3-9474-1A3956D46DE8}") = "WPF", "WPF", "{19EC8854-EBC1-48DA-A392-F843BCD6378F}"
EndProject
Project("{9A19103F-16F7-4668-BE54-9A1E7A4F7556}") = "TRMApi", "TRMApi\TRMApi.csproj", "{3735D1A2-C991-4427-BE6E-A53CDC5EA95A}"
EndProject
Global
	GlobalSection(SolutionConfigurationPlatforms) = preSolution
		Debug|Any CPU = Debug|Any CPU
		Release|Any CPU = Release|Any CPU
	EndGlobalSection
	GlobalSection(ProjectConfigurationPlatforms) = postSolution
		{CF98BC6C-3FF2-4291-94FC-481415A8FD9E}.Debug|Any CPU.ActiveCfg = Debug|Any CPU
		{CF98BC6C-3FF2-4291-94FC-481415A8FD9E}.Debug|Any CPU.Build.0 = Debug|Any CPU
		{CF98BC6C-3FF2-4291-94FC-481415A8FD9E}.Debug|Any CPU.Deploy.0 = Debug|Any CPU
		{CF98BC6C-3FF2-4291-94FC-481415A8FD9E}.Release|Any CPU.ActiveCfg = Release|Any CPU
		{CF98BC6C-3FF2-4291-94FC-481415A8FD9E}.Release|Any CPU.Build.0 = Release|Any CPU
		{CF98BC6C-3FF2-4291-94FC-481415A8FD9E}.Release|Any CPU.Deploy.0 = Release|Any CPU
		{F472BFA3-FA28-42D0-AF78-AB4835C49705}.Debug|Any CPU.ActiveCfg = Debug|Any CPU
		{F472BFA3-FA28-42D0-AF78-AB4835C49705}.Debug|Any CPU.Build.0 = Debug|Any CPU
		{F472BFA3-FA28-42D0-AF78-AB4835C49705}.Release|Any CPU.ActiveCfg = Release|Any CPU
		{F472BFA3-FA28-42D0-AF78-AB4835C49705}.Release|Any CPU.Build.0 = Release|Any CPU
		{E8D9A15B-8DAE-436C-A185-04A319EA86D7}.Debug|Any CPU.ActiveCfg = Debug|Any CPU
		{E8D9A15B-8DAE-436C-A185-04A319EA86D7}.Debug|Any CPU.Build.0 = Debug|Any CPU
		{E8D9A15B-8DAE-436C-A185-04A319EA86D7}.Release|Any CPU.ActiveCfg = Release|Any CPU
		{E8D9A15B-8DAE-436C-A185-04A319EA86D7}.Release|Any CPU.Build.0 = Release|Any CPU
		{4BF57879-BBDF-43D0-902D-03E7E951EAF2}.Debug|Any CPU.ActiveCfg = Debug|Any CPU
		{4BF57879-BBDF-43D0-902D-03E7E951EAF2}.Debug|Any CPU.Build.0 = Debug|Any CPU
		{4BF57879-BBDF-43D0-902D-03E7E951EAF2}.Release|Any CPU.ActiveCfg = Release|Any CPU
		{4BF57879-BBDF-43D0-902D-03E7E951EAF2}.Release|Any CPU.Build.0 = Release|Any CPU
		{3735D1A2-C991-4427-BE6E-A53CDC5EA95A}.Debug|Any CPU.ActiveCfg = Debug|Any CPU
		{3735D1A2-C991-4427-BE6E-A53CDC5EA95A}.Debug|Any CPU.Build.0 = Debug|Any CPU
		{3735D1A2-C991-4427-BE6E-A53CDC5EA95A}.Release|Any CPU.ActiveCfg = Release|Any CPU
		{3735D1A2-C991-4427-BE6E-A53CDC5EA95A}.Release|Any CPU.Build.0 = Release|Any CPU
	EndGlobalSection
	GlobalSection(SolutionProperties) = preSolution
		HideSolutionNode = FALSE
	EndGlobalSection
	GlobalSection(NestedProjects) = preSolution
		{CF98BC6C-3FF2-4291-94FC-481415A8FD9E} = {DD9A5DEC-6345-4666-9EFA-9B5AF85F5308}
		{F472BFA3-FA28-42D0-AF78-AB4835C49705} = {19EC8854-EBC1-48DA-A392-F843BCD6378F}
		{E8D9A15B-8DAE-436C-A185-04A319EA86D7} = {EB41F43D-9C27-4098-ABA5-C97E95139984}
		{4BF57879-BBDF-43D0-902D-03E7E951EAF2} = {19EC8854-EBC1-48DA-A392-F843BCD6378F}
		{3735D1A2-C991-4427-BE6E-A53CDC5EA95A} = {EB41F43D-9C27-4098-ABA5-C97E95139984}
	EndGlobalSection
	GlobalSection(ExtensibilityGlobals) = postSolution
		SolutionGuid = {114461EA-399B-46CE-BE62-4D26F5831967}
	EndGlobalSection
EndGlobal
